
Microsoft Visual Studio Solution File, Format Version 12.00
# Visual Studio 15
VisualStudioVersion = 15.0.28307.572
MinimumVisualStudioVersion = 10.0.40219.1
Project("{8BC9CEB8-8B4A-11D0-8D11-00A0C91BC942}") = "MaxAnno1800Mod", "MaxAnno1800Mod\MaxAnno1800Mod.vcxproj", "{117084A4-653C-41C7-837E-E3CBAD52CD18}"
	ProjectSection(ProjectDependencies) = postProject
		{FA26732A-F345-4CD1-817F-BC75ABDA917E} = {FA26732A-F345-4CD1-817F-BC75ABDA917E}
	EndProjectSection
EndProject
Project("{FAE04EC0-301F-11D3-BF4B-00C04F79EFBC}") = "MaxAnno1800ModXMLToolkit", "MaxAnno1800ModXMLToolkit\MaxAnno1800ModXMLToolkit.csproj", "{FA26732A-F345-4CD1-817F-BC75ABDA917E}"
EndProject
Global
	GlobalSection(SolutionConfigurationPlatforms) = preSolution
		Debug|Any CPU = Debug|Any CPU
		Debug|x64 = Debug|x64
		Debug|x86 = Debug|x86
		Release|Any CPU = Release|Any CPU
		Release|x64 = Release|x64
		Release|x86 = Release|x86
	EndGlobalSection
	GlobalSection(ProjectConfigurationPlatforms) = postSolution
		{117084A4-653C-41C7-837E-E3CBAD52CD18}.Debug|Any CPU.ActiveCfg = Debug|Win32
		{117084A4-653C-41C7-837E-E3CBAD52CD18}.Debug|x64.ActiveCfg = Debug|x64
		{117084A4-653C-41C7-837E-E3CBAD52CD18}.Debug|x64.Build.0 = Debug|x64
		{117084A4-653C-41C7-837E-E3CBAD52CD18}.Debug|x86.ActiveCfg = Debug|Win32
		{117084A4-653C-41C7-837E-E3CBAD52CD18}.Debug|x86.Build.0 = Debug|Win32
		{117084A4-653C-41C7-837E-E3CBAD52CD18}.Release|Any CPU.ActiveCfg = Release|Win32
		{117084A4-653C-41C7-837E-E3CBAD52CD18}.Release|x64.ActiveCfg = Release|x64
		{117084A4-653C-41C7-837E-E3CBAD52CD18}.Release|x64.Build.0 = Release|x64
		{117084A4-653C-41C7-837E-E3CBAD52CD18}.Release|x86.ActiveCfg = Release|Win32
		{117084A4-653C-41C7-837E-E3CBAD52CD18}.Release|x86.Build.0 = Release|Win32
		{FA26732A-F345-4CD1-817F-BC75ABDA917E}.Debug|Any CPU.ActiveCfg = Debug|Any CPU
		{FA26732A-F345-4CD1-817F-BC75ABDA917E}.Debug|Any CPU.Build.0 = Debug|Any CPU
		{FA26732A-F345-4CD1-817F-BC75ABDA917E}.Debug|x64.ActiveCfg = Debug|Any CPU
		{FA26732A-F345-4CD1-817F-BC75ABDA917E}.Debug|x64.Build.0 = Debug|Any CPU
		{FA26732A-F345-4CD1-817F-BC75ABDA917E}.Debug|x86.ActiveCfg = Debug|Any CPU
		{FA26732A-F345-4CD1-817F-BC75ABDA917E}.Debug|x86.Build.0 = Debug|Any CPU
		{FA26732A-F345-4CD1-817F-BC75ABDA917E}.Release|Any CPU.ActiveCfg = Release|Any CPU
		{FA26732A-F345-4CD1-817F-BC75ABDA917E}.Release|Any CPU.Build.0 = Release|Any CPU
		{FA26732A-F345-4CD1-817F-BC75ABDA917E}.Release|x64.ActiveCfg = Release|Any CPU
		{FA26732A-F345-4CD1-817F-BC75ABDA917E}.Release|x64.Build.0 = Release|Any CPU
		{FA26732A-F345-4CD1-817F-BC75ABDA917E}.Release|x86.ActiveCfg = Release|Any CPU
		{FA26732A-F345-4CD1-817F-BC75ABDA917E}.Release|x86.Build.0 = Release|Any CPU
	EndGlobalSection
	GlobalSection(SolutionProperties) = preSolution
		HideSolutionNode = FALSE
	EndGlobalSection
	GlobalSection(ExtensibilityGlobals) = postSolution
		SolutionGuid = {AC5347A4-0F3A-4F90-B92F-862B25613A8A}
	EndGlobalSection
EndGlobal
